
Microsoft Visual Studio Solution File, Format Version 12.00
Project("{FAE04EC0-301F-11D3-BF4B-00C04F79EFBC}") = "Vault", "Vault\Vault.csproj", "{1A2D56FC-C3D7-4B81-A32A-A626CCEBAC20}"
EndProject
Project("{FAE04EC0-301F-11D3-BF4B-00C04F79EFBC}") = "OrderedSerializer", "OrderedSerializer\Package\Runtime\OrderedSerializer\OrderedSerializer.csproj", "{A6B976EA-1399-44BC-8525-6B0FE3D382AC}"
EndProject
Project("{FAE04EC0-301F-11D3-BF4B-00C04F79EFBC}") = "Vault.Encryption", "Vault.Encryption\Vault.Encryption.csproj", "{EA374AD9-4928-499C-8B53-90B5B6F2A38C}"
EndProject
Project("{FAE04EC0-301F-11D3-BF4B-00C04F79EFBC}") = "Vault.Storage", "Vault.Storage\Vault.Storage.csproj", "{90C35E92-7864-4ED3-AA18-EE1B13827901}"
EndProject
Project("{FAE04EC0-301F-11D3-BF4B-00C04F79EFBC}") = "Vault.Content", "Vault.Content\Vault.Content.csproj", "{05D9DAB2-EA24-4808-8D28-8EFDCB5C96A0}"
EndProject
Project("{FAE04EC0-301F-11D3-BF4B-00C04F79EFBC}") = "Vault.Serialization", "Vault.Serialization\Vault.Serialization.csproj", "{2D2558F5-51EA-4E0D-A30C-F180A2AD4D73}"
EndProject
Project("{FAE04EC0-301F-11D3-BF4B-00C04F79EFBC}") = "Vault.Repository", "Vault.Repository\Vault.Repository.csproj", "{C1C4B448-7CDC-449F-AABF-1EB6D9747470}"
EndProject
Project("{FAE04EC0-301F-11D3-BF4B-00C04F79EFBC}") = "Vault.Commands", "Vault.Commands\Vault.Commands.csproj", "{A9C90172-B196-4BC8-896E-11B717F5CE29}"
EndProject
Project("{2150E333-8FDC-42A3-9474-1A3956D46DE8}") = "Components", "Components", "{00660606-6E46-4E77-AFAC-A1050CEC8EDB}"
EndProject
Project("{2150E333-8FDC-42A3-9474-1A3956D46DE8}") = "UnitTests", "UnitTests", "{66A90D1D-6C8D-457B-8B1B-0BA3D8938D08}"
EndProject
Project("{2150E333-8FDC-42A3-9474-1A3956D46DE8}") = "External", "External", "{52BB9D21-EA09-45C2-B406-A46D24748085}"
EndProject
Project("{FAE04EC0-301F-11D3-BF4B-00C04F79EFBC}") = "Vault.UT", "UnitTests\Vault.UT\Vault.UT.csproj", "{C5F54D38-806E-4517-93B6-3558DA110C1A}"
EndProject
Global
	GlobalSection(SolutionConfigurationPlatforms) = preSolution
		Debug|Any CPU = Debug|Any CPU
		Release|Any CPU = Release|Any CPU
	EndGlobalSection
	GlobalSection(ProjectConfigurationPlatforms) = postSolution
		{1A2D56FC-C3D7-4B81-A32A-A626CCEBAC20}.Debug|Any CPU.ActiveCfg = Debug|Any CPU
		{1A2D56FC-C3D7-4B81-A32A-A626CCEBAC20}.Debug|Any CPU.Build.0 = Debug|Any CPU
		{1A2D56FC-C3D7-4B81-A32A-A626CCEBAC20}.Release|Any CPU.ActiveCfg = Release|Any CPU
		{1A2D56FC-C3D7-4B81-A32A-A626CCEBAC20}.Release|Any CPU.Build.0 = Release|Any CPU
		{A6B976EA-1399-44BC-8525-6B0FE3D382AC}.Debug|Any CPU.ActiveCfg = Debug|Any CPU
		{A6B976EA-1399-44BC-8525-6B0FE3D382AC}.Debug|Any CPU.Build.0 = Debug|Any CPU
		{A6B976EA-1399-44BC-8525-6B0FE3D382AC}.Release|Any CPU.ActiveCfg = Release|Any CPU
		{A6B976EA-1399-44BC-8525-6B0FE3D382AC}.Release|Any CPU.Build.0 = Release|Any CPU
		{EA374AD9-4928-499C-8B53-90B5B6F2A38C}.Debug|Any CPU.ActiveCfg = Debug|Any CPU
		{EA374AD9-4928-499C-8B53-90B5B6F2A38C}.Debug|Any CPU.Build.0 = Debug|Any CPU
		{EA374AD9-4928-499C-8B53-90B5B6F2A38C}.Release|Any CPU.ActiveCfg = Release|Any CPU
		{EA374AD9-4928-499C-8B53-90B5B6F2A38C}.Release|Any CPU.Build.0 = Release|Any CPU
		{90C35E92-7864-4ED3-AA18-EE1B13827901}.Debug|Any CPU.ActiveCfg = Debug|Any CPU
		{90C35E92-7864-4ED3-AA18-EE1B13827901}.Debug|Any CPU.Build.0 = Debug|Any CPU
		{90C35E92-7864-4ED3-AA18-EE1B13827901}.Release|Any CPU.ActiveCfg = Release|Any CPU
		{90C35E92-7864-4ED3-AA18-EE1B13827901}.Release|Any CPU.Build.0 = Release|Any CPU
		{05D9DAB2-EA24-4808-8D28-8EFDCB5C96A0}.Debug|Any CPU.ActiveCfg = Debug|Any CPU
		{05D9DAB2-EA24-4808-8D28-8EFDCB5C96A0}.Debug|Any CPU.Build.0 = Debug|Any CPU
		{05D9DAB2-EA24-4808-8D28-8EFDCB5C96A0}.Release|Any CPU.ActiveCfg = Release|Any CPU
		{05D9DAB2-EA24-4808-8D28-8EFDCB5C96A0}.Release|Any CPU.Build.0 = Release|Any CPU
		{2D2558F5-51EA-4E0D-A30C-F180A2AD4D73}.Debug|Any CPU.ActiveCfg = Debug|Any CPU
		{2D2558F5-51EA-4E0D-A30C-F180A2AD4D73}.Debug|Any CPU.Build.0 = Debug|Any CPU
		{2D2558F5-51EA-4E0D-A30C-F180A2AD4D73}.Release|Any CPU.ActiveCfg = Release|Any CPU
		{2D2558F5-51EA-4E0D-A30C-F180A2AD4D73}.Release|Any CPU.Build.0 = Release|Any CPU
		{C1C4B448-7CDC-449F-AABF-1EB6D9747470}.Debug|Any CPU.ActiveCfg = Debug|Any CPU
		{C1C4B448-7CDC-449F-AABF-1EB6D9747470}.Debug|Any CPU.Build.0 = Debug|Any CPU
		{C1C4B448-7CDC-449F-AABF-1EB6D9747470}.Release|Any CPU.ActiveCfg = Release|Any CPU
		{C1C4B448-7CDC-449F-AABF-1EB6D9747470}.Release|Any CPU.Build.0 = Release|Any CPU
		{A9C90172-B196-4BC8-896E-11B717F5CE29}.Debug|Any CPU.ActiveCfg = Debug|Any CPU
		{A9C90172-B196-4BC8-896E-11B717F5CE29}.Debug|Any CPU.Build.0 = Debug|Any CPU
		{A9C90172-B196-4BC8-896E-11B717F5CE29}.Release|Any CPU.ActiveCfg = Release|Any CPU
		{A9C90172-B196-4BC8-896E-11B717F5CE29}.Release|Any CPU.Build.0 = Release|Any CPU
		{C5F54D38-806E-4517-93B6-3558DA110C1A}.Debug|Any CPU.ActiveCfg = Debug|Any CPU
		{C5F54D38-806E-4517-93B6-3558DA110C1A}.Debug|Any CPU.Build.0 = Debug|Any CPU
		{C5F54D38-806E-4517-93B6-3558DA110C1A}.Release|Any CPU.ActiveCfg = Release|Any CPU
		{C5F54D38-806E-4517-93B6-3558DA110C1A}.Release|Any CPU.Build.0 = Release|Any CPU
	EndGlobalSection
	GlobalSection(NestedProjects) = preSolution
		{A9C90172-B196-4BC8-896E-11B717F5CE29} = {00660606-6E46-4E77-AFAC-A1050CEC8EDB}
		{05D9DAB2-EA24-4808-8D28-8EFDCB5C96A0} = {00660606-6E46-4E77-AFAC-A1050CEC8EDB}
		{EA374AD9-4928-499C-8B53-90B5B6F2A38C} = {00660606-6E46-4E77-AFAC-A1050CEC8EDB}
		{C1C4B448-7CDC-449F-AABF-1EB6D9747470} = {00660606-6E46-4E77-AFAC-A1050CEC8EDB}
		{2D2558F5-51EA-4E0D-A30C-F180A2AD4D73} = {00660606-6E46-4E77-AFAC-A1050CEC8EDB}
		{90C35E92-7864-4ED3-AA18-EE1B13827901} = {00660606-6E46-4E77-AFAC-A1050CEC8EDB}
		{A6B976EA-1399-44BC-8525-6B0FE3D382AC} = {52BB9D21-EA09-45C2-B406-A46D24748085}
		{C5F54D38-806E-4517-93B6-3558DA110C1A} = {66A90D1D-6C8D-457B-8B1B-0BA3D8938D08}
	EndGlobalSection
EndGlobal
